
Microsoft Visual Studio Solution File, Format Version 12.00
# Visual Studio Version 17
VisualStudioVersion = 17.5.33516.290
MinimumVisualStudioVersion = 10.0.40219.1
Project("{FAE04EC0-301F-11D3-BF4B-00C04F79EFBC}") = "LibraryManegmentSystem", "LibraryManegmentSystem\LibraryManegmentSystem.csproj", "{AC1C2DB3-0572-49C2-89F6-080331C00F96}"
EndProject
Global
	GlobalSection(SolutionConfigurationPlatforms) = preSolution
		Debug|Any CPU = Debug|Any CPU
		Release|Any CPU = Release|Any CPU
	EndGlobalSection
	GlobalSection(ProjectConfigurationPlatforms) = postSolution
		{AC1C2DB3-0572-49C2-89F6-080331C00F96}.Debug|Any CPU.ActiveCfg = Debug|Any CPU
		{AC1C2DB3-0572-49C2-89F6-080331C00F96}.Debug|Any CPU.Build.0 = Debug|Any CPU
		{AC1C2DB3-0572-49C2-89F6-080331C00F96}.Release|Any CPU.ActiveCfg = Release|Any CPU
		{AC1C2DB3-0572-49C2-89F6-080331C00F96}.Release|Any CPU.Build.0 = Release|Any CPU
	EndGlobalSection
	GlobalSection(SolutionProperties) = preSolution
		HideSolutionNode = FALSE
	EndGlobalSection
	GlobalSection(ExtensibilityGlobals) = postSolution
		SolutionGuid = {BFB8341A-D8AA-4814-B053-B7FA9EEEE129}
	EndGlobalSection
EndGlobal
